
Microsoft Visual Studio Solution File, Format Version 12.00
# Visual Studio Version 16
VisualStudioVersion = 16.0.28917.182
MinimumVisualStudioVersion = 10.0.40219.1
Project("{8BC9CEB8-8B4A-11D0-8D11-00A0C91BC942}") = "pkzo", "pkzo\pkzo.vcxproj", "{611C2A7D-59DB-4546-91E7-DE8F25D75492}"
EndProject
Project("{2150E333-8FDC-42A3-9474-1A3956D46DE8}") = "Solution Items", "Solution Items", "{43F0A643-78F5-49D9-8A18-DA0E5CC0C256}"
	ProjectSection(SolutionItems) = preProject
		.gitignore = .gitignore
		packsdk.bat = packsdk.bat
		README.md = README.md
	EndProjectSection
EndProject
Project("{2150E333-8FDC-42A3-9474-1A3956D46DE8}") = "tutorials", "tutorials", "{BC4BB446-70F5-4BA9-AC85-218D3B6EA4E5}"
EndProject
Project("{8BC9CEB8-8B4A-11D0-8D11-00A0C91BC942}") = "hello", "tutorials\hello\hello.vcxproj", "{9739FF05-59B7-4A0C-B7F9-67E00CE5C6FC}"
EndProject
Project("{8BC9CEB8-8B4A-11D0-8D11-00A0C91BC942}") = "materials", "tutorials\materials\materials.vcxproj", "{D2C0F7DD-A945-4224-9679-C4824289B41A}"
EndProject
Project("{8BC9CEB8-8B4A-11D0-8D11-00A0C91BC942}") = "cubes", "tutorials\cubes\cubes.vcxproj", "{4B5A8254-A1A3-49C3-8DB0-E6E3F4B939CC}"
EndProject
Global
	GlobalSection(SolutionConfigurationPlatforms) = preSolution
		Debug|x64 = Debug|x64
		Debug|x86 = Debug|x86
		Release|x64 = Release|x64
		Release|x86 = Release|x86
	EndGlobalSection
	GlobalSection(ProjectConfigurationPlatforms) = postSolution
		{611C2A7D-59DB-4546-91E7-DE8F25D75492}.Debug|x64.ActiveCfg = Debug|x64
		{611C2A7D-59DB-4546-91E7-DE8F25D75492}.Debug|x64.Build.0 = Debug|x64
		{611C2A7D-59DB-4546-91E7-DE8F25D75492}.Debug|x86.ActiveCfg = Debug|Win32
		{611C2A7D-59DB-4546-91E7-DE8F25D75492}.Debug|x86.Build.0 = Debug|Win32
		{611C2A7D-59DB-4546-91E7-DE8F25D75492}.Release|x64.ActiveCfg = Release|x64
		{611C2A7D-59DB-4546-91E7-DE8F25D75492}.Release|x64.Build.0 = Release|x64
		{611C2A7D-59DB-4546-91E7-DE8F25D75492}.Release|x86.ActiveCfg = Release|Win32
		{611C2A7D-59DB-4546-91E7-DE8F25D75492}.Release|x86.Build.0 = Release|Win32
		{9739FF05-59B7-4A0C-B7F9-67E00CE5C6FC}.Debug|x64.ActiveCfg = Debug|x64
		{9739FF05-59B7-4A0C-B7F9-67E00CE5C6FC}.Debug|x64.Build.0 = Debug|x64
		{9739FF05-59B7-4A0C-B7F9-67E00CE5C6FC}.Debug|x86.ActiveCfg = Debug|Win32
		{9739FF05-59B7-4A0C-B7F9-67E00CE5C6FC}.Debug|x86.Build.0 = Debug|Win32
		{9739FF05-59B7-4A0C-B7F9-67E00CE5C6FC}.Release|x64.ActiveCfg = Release|x64
		{9739FF05-59B7-4A0C-B7F9-67E00CE5C6FC}.Release|x64.Build.0 = Release|x64
		{9739FF05-59B7-4A0C-B7F9-67E00CE5C6FC}.Release|x86.ActiveCfg = Release|Win32
		{9739FF05-59B7-4A0C-B7F9-67E00CE5C6FC}.Release|x86.Build.0 = Release|Win32
		{D2C0F7DD-A945-4224-9679-C4824289B41A}.Debug|x64.ActiveCfg = Debug|x64
		{D2C0F7DD-A945-4224-9679-C4824289B41A}.Debug|x64.Build.0 = Debug|x64
		{D2C0F7DD-A945-4224-9679-C4824289B41A}.Debug|x86.ActiveCfg = Debug|Win32
		{D2C0F7DD-A945-4224-9679-C4824289B41A}.Debug|x86.Build.0 = Debug|Win32
		{D2C0F7DD-A945-4224-9679-C4824289B41A}.Release|x64.ActiveCfg = Release|x64
		{D2C0F7DD-A945-4224-9679-C4824289B41A}.Release|x64.Build.0 = Release|x64
		{D2C0F7DD-A945-4224-9679-C4824289B41A}.Release|x86.ActiveCfg = Release|Win32
		{D2C0F7DD-A945-4224-9679-C4824289B41A}.Release|x86.Build.0 = Release|Win32
		{4B5A8254-A1A3-49C3-8DB0-E6E3F4B939CC}.Debug|x64.ActiveCfg = Debug|x64
		{4B5A8254-A1A3-49C3-8DB0-E6E3F4B939CC}.Debug|x64.Build.0 = Debug|x64
		{4B5A8254-A1A3-49C3-8DB0-E6E3F4B939CC}.Debug|x86.ActiveCfg = Debug|Win32
		{4B5A8254-A1A3-49C3-8DB0-E6E3F4B939CC}.Debug|x86.Build.0 = Debug|Win32
		{4B5A8254-A1A3-49C3-8DB0-E6E3F4B939CC}.Release|x64.ActiveCfg = Release|x64
		{4B5A8254-A1A3-49C3-8DB0-E6E3F4B939CC}.Release|x64.Build.0 = Release|x64
		{4B5A8254-A1A3-49C3-8DB0-E6E3F4B939CC}.Release|x86.ActiveCfg = Release|Win32
		{4B5A8254-A1A3-49C3-8DB0-E6E3F4B939CC}.Release|x86.Build.0 = Release|Win32
	EndGlobalSection
	GlobalSection(SolutionProperties) = preSolution
		HideSolutionNode = FALSE
	EndGlobalSection
	GlobalSection(NestedProjects) = preSolution
		{9739FF05-59B7-4A0C-B7F9-67E00CE5C6FC} = {BC4BB446-70F5-4BA9-AC85-218D3B6EA4E5}
		{D2C0F7DD-A945-4224-9679-C4824289B41A} = {BC4BB446-70F5-4BA9-AC85-218D3B6EA4E5}
		{4B5A8254-A1A3-49C3-8DB0-E6E3F4B939CC} = {BC4BB446-70F5-4BA9-AC85-218D3B6EA4E5}
	EndGlobalSection
	GlobalSection(ExtensibilityGlobals) = postSolution
		SolutionGuid = {EC787743-9BE1-4A91-BB30-4332A5CE24FC}
	EndGlobalSection
EndGlobal
