
Microsoft Visual Studio Solution File, Format Version 12.00
# Visual Studio 14
VisualStudioVersion = 14.0.24720.0
MinimumVisualStudioVersion = 10.0.40219.1
Project("{8BC9CEB8-8B4A-11D0-8D11-00A0C91BC942}") = "pkzo", "pkzo\pkzo.vcxproj", "{9EA68EF2-8F92-4D7F-8095-E0FB956327DE}"
EndProject
Project("{2150E333-8FDC-42A3-9474-1A3956D46DE8}") = "examples", "examples", "{80C9A2AB-36A2-44CB-BC12-779764ABBEB1}"
EndProject
Project("{8BC9CEB8-8B4A-11D0-8D11-00A0C91BC942}") = "teapot", "examples\teapot\teapot.vcxproj", "{30C1104C-8DD9-4FFA-9198-D46F280648BA}"
	ProjectSection(ProjectDependencies) = postProject
		{AB2B620B-3682-4B33-A6C8-1E1191C18B07} = {AB2B620B-3682-4B33-A6C8-1E1191C18B07}
		{9EA68EF2-8F92-4D7F-8095-E0FB956327DE} = {9EA68EF2-8F92-4D7F-8095-E0FB956327DE}
	EndProjectSection
EndProject
Project("{8BC9CEB8-8B4A-11D0-8D11-00A0C91BC942}") = "pkzoui", "pkzoui\pkzoui.vcxproj", "{38EF01ED-B9F6-46CD-90A3-9147CF2AFC0D}"
	ProjectSection(ProjectDependencies) = postProject
		{AB2B620B-3682-4B33-A6C8-1E1191C18B07} = {AB2B620B-3682-4B33-A6C8-1E1191C18B07}
		{9EA68EF2-8F92-4D7F-8095-E0FB956327DE} = {9EA68EF2-8F92-4D7F-8095-E0FB956327DE}
	EndProjectSection
EndProject
Project("{8BC9CEB8-8B4A-11D0-8D11-00A0C91BC942}") = "glt", "glt\glt.vcxproj", "{AB2B620B-3682-4B33-A6C8-1E1191C18B07}"
EndProject
Project("{8BC9CEB8-8B4A-11D0-8D11-00A0C91BC942}") = "interface", "examples\interface\interface.vcxproj", "{E4F011D1-8FD5-4D34-ABA4-311869F79293}"
	ProjectSection(ProjectDependencies) = postProject
		{AB2B620B-3682-4B33-A6C8-1E1191C18B07} = {AB2B620B-3682-4B33-A6C8-1E1191C18B07}
		{38EF01ED-B9F6-46CD-90A3-9147CF2AFC0D} = {38EF01ED-B9F6-46CD-90A3-9147CF2AFC0D}
		{9EA68EF2-8F92-4D7F-8095-E0FB956327DE} = {9EA68EF2-8F92-4D7F-8095-E0FB956327DE}
	EndProjectSection
EndProject
Project("{8BC9CEB8-8B4A-11D0-8D11-00A0C91BC942}") = "lights", "examples\lights\lights.vcxproj", "{46456EAA-A844-4FC8-9960-2F19D5539368}"
	ProjectSection(ProjectDependencies) = postProject
		{AB2B620B-3682-4B33-A6C8-1E1191C18B07} = {AB2B620B-3682-4B33-A6C8-1E1191C18B07}
		{5350AC6A-1868-499A-9F94-2F820C459A88} = {5350AC6A-1868-499A-9F94-2F820C459A88}
		{38EF01ED-B9F6-46CD-90A3-9147CF2AFC0D} = {38EF01ED-B9F6-46CD-90A3-9147CF2AFC0D}
		{9EA68EF2-8F92-4D7F-8095-E0FB956327DE} = {9EA68EF2-8F92-4D7F-8095-E0FB956327DE}
	EndProjectSection
EndProject
Project("{8BC9CEB8-8B4A-11D0-8D11-00A0C91BC942}") = "pkzosg", "pkzosg\pkzosg.vcxproj", "{5350AC6A-1868-499A-9F94-2F820C459A88}"
	ProjectSection(ProjectDependencies) = postProject
		{AB2B620B-3682-4B33-A6C8-1E1191C18B07} = {AB2B620B-3682-4B33-A6C8-1E1191C18B07}
		{9EA68EF2-8F92-4D7F-8095-E0FB956327DE} = {9EA68EF2-8F92-4D7F-8095-E0FB956327DE}
	EndProjectSection
EndProject
Global
	GlobalSection(SolutionConfigurationPlatforms) = preSolution
		Debug|x64 = Debug|x64
		Debug|x86 = Debug|x86
		Release|x64 = Release|x64
		Release|x86 = Release|x86
	EndGlobalSection
	GlobalSection(ProjectConfigurationPlatforms) = postSolution
		{9EA68EF2-8F92-4D7F-8095-E0FB956327DE}.Debug|x64.ActiveCfg = Debug|x64
		{9EA68EF2-8F92-4D7F-8095-E0FB956327DE}.Debug|x64.Build.0 = Debug|x64
		{9EA68EF2-8F92-4D7F-8095-E0FB956327DE}.Debug|x86.ActiveCfg = Debug|Win32
		{9EA68EF2-8F92-4D7F-8095-E0FB956327DE}.Debug|x86.Build.0 = Debug|Win32
		{9EA68EF2-8F92-4D7F-8095-E0FB956327DE}.Release|x64.ActiveCfg = Release|x64
		{9EA68EF2-8F92-4D7F-8095-E0FB956327DE}.Release|x64.Build.0 = Release|x64
		{9EA68EF2-8F92-4D7F-8095-E0FB956327DE}.Release|x86.ActiveCfg = Release|Win32
		{9EA68EF2-8F92-4D7F-8095-E0FB956327DE}.Release|x86.Build.0 = Release|Win32
		{30C1104C-8DD9-4FFA-9198-D46F280648BA}.Debug|x64.ActiveCfg = Debug|x64
		{30C1104C-8DD9-4FFA-9198-D46F280648BA}.Debug|x64.Build.0 = Debug|x64
		{30C1104C-8DD9-4FFA-9198-D46F280648BA}.Debug|x86.ActiveCfg = Debug|Win32
		{30C1104C-8DD9-4FFA-9198-D46F280648BA}.Debug|x86.Build.0 = Debug|Win32
		{30C1104C-8DD9-4FFA-9198-D46F280648BA}.Release|x64.ActiveCfg = Release|x64
		{30C1104C-8DD9-4FFA-9198-D46F280648BA}.Release|x64.Build.0 = Release|x64
		{30C1104C-8DD9-4FFA-9198-D46F280648BA}.Release|x86.ActiveCfg = Release|Win32
		{30C1104C-8DD9-4FFA-9198-D46F280648BA}.Release|x86.Build.0 = Release|Win32
		{38EF01ED-B9F6-46CD-90A3-9147CF2AFC0D}.Debug|x64.ActiveCfg = Debug|x64
		{38EF01ED-B9F6-46CD-90A3-9147CF2AFC0D}.Debug|x64.Build.0 = Debug|x64
		{38EF01ED-B9F6-46CD-90A3-9147CF2AFC0D}.Debug|x86.ActiveCfg = Debug|Win32
		{38EF01ED-B9F6-46CD-90A3-9147CF2AFC0D}.Debug|x86.Build.0 = Debug|Win32
		{38EF01ED-B9F6-46CD-90A3-9147CF2AFC0D}.Release|x64.ActiveCfg = Release|x64
		{38EF01ED-B9F6-46CD-90A3-9147CF2AFC0D}.Release|x64.Build.0 = Release|x64
		{38EF01ED-B9F6-46CD-90A3-9147CF2AFC0D}.Release|x86.ActiveCfg = Release|Win32
		{38EF01ED-B9F6-46CD-90A3-9147CF2AFC0D}.Release|x86.Build.0 = Release|Win32
		{AB2B620B-3682-4B33-A6C8-1E1191C18B07}.Debug|x64.ActiveCfg = Debug|x64
		{AB2B620B-3682-4B33-A6C8-1E1191C18B07}.Debug|x64.Build.0 = Debug|x64
		{AB2B620B-3682-4B33-A6C8-1E1191C18B07}.Debug|x86.ActiveCfg = Debug|Win32
		{AB2B620B-3682-4B33-A6C8-1E1191C18B07}.Debug|x86.Build.0 = Debug|Win32
		{AB2B620B-3682-4B33-A6C8-1E1191C18B07}.Release|x64.ActiveCfg = Release|x64
		{AB2B620B-3682-4B33-A6C8-1E1191C18B07}.Release|x64.Build.0 = Release|x64
		{AB2B620B-3682-4B33-A6C8-1E1191C18B07}.Release|x86.ActiveCfg = Release|Win32
		{AB2B620B-3682-4B33-A6C8-1E1191C18B07}.Release|x86.Build.0 = Release|Win32
		{E4F011D1-8FD5-4D34-ABA4-311869F79293}.Debug|x64.ActiveCfg = Debug|x64
		{E4F011D1-8FD5-4D34-ABA4-311869F79293}.Debug|x64.Build.0 = Debug|x64
		{E4F011D1-8FD5-4D34-ABA4-311869F79293}.Debug|x86.ActiveCfg = Debug|Win32
		{E4F011D1-8FD5-4D34-ABA4-311869F79293}.Debug|x86.Build.0 = Debug|Win32
		{E4F011D1-8FD5-4D34-ABA4-311869F79293}.Release|x64.ActiveCfg = Release|x64
		{E4F011D1-8FD5-4D34-ABA4-311869F79293}.Release|x64.Build.0 = Release|x64
		{E4F011D1-8FD5-4D34-ABA4-311869F79293}.Release|x86.ActiveCfg = Release|Win32
		{E4F011D1-8FD5-4D34-ABA4-311869F79293}.Release|x86.Build.0 = Release|Win32
		{46456EAA-A844-4FC8-9960-2F19D5539368}.Debug|x64.ActiveCfg = Debug|x64
		{46456EAA-A844-4FC8-9960-2F19D5539368}.Debug|x64.Build.0 = Debug|x64
		{46456EAA-A844-4FC8-9960-2F19D5539368}.Debug|x86.ActiveCfg = Debug|Win32
		{46456EAA-A844-4FC8-9960-2F19D5539368}.Debug|x86.Build.0 = Debug|Win32
		{46456EAA-A844-4FC8-9960-2F19D5539368}.Release|x64.ActiveCfg = Release|x64
		{46456EAA-A844-4FC8-9960-2F19D5539368}.Release|x64.Build.0 = Release|x64
		{46456EAA-A844-4FC8-9960-2F19D5539368}.Release|x86.ActiveCfg = Release|Win32
		{46456EAA-A844-4FC8-9960-2F19D5539368}.Release|x86.Build.0 = Release|Win32
		{5350AC6A-1868-499A-9F94-2F820C459A88}.Debug|x64.ActiveCfg = Debug|x64
		{5350AC6A-1868-499A-9F94-2F820C459A88}.Debug|x64.Build.0 = Debug|x64
		{5350AC6A-1868-499A-9F94-2F820C459A88}.Debug|x86.ActiveCfg = Debug|Win32
		{5350AC6A-1868-499A-9F94-2F820C459A88}.Debug|x86.Build.0 = Debug|Win32
		{5350AC6A-1868-499A-9F94-2F820C459A88}.Release|x64.ActiveCfg = Release|x64
		{5350AC6A-1868-499A-9F94-2F820C459A88}.Release|x64.Build.0 = Release|x64
		{5350AC6A-1868-499A-9F94-2F820C459A88}.Release|x86.ActiveCfg = Release|Win32
		{5350AC6A-1868-499A-9F94-2F820C459A88}.Release|x86.Build.0 = Release|Win32
	EndGlobalSection
	GlobalSection(SolutionProperties) = preSolution
		HideSolutionNode = FALSE
	EndGlobalSection
	GlobalSection(NestedProjects) = preSolution
		{30C1104C-8DD9-4FFA-9198-D46F280648BA} = {80C9A2AB-36A2-44CB-BC12-779764ABBEB1}
		{E4F011D1-8FD5-4D34-ABA4-311869F79293} = {80C9A2AB-36A2-44CB-BC12-779764ABBEB1}
		{46456EAA-A844-4FC8-9960-2F19D5539368} = {80C9A2AB-36A2-44CB-BC12-779764ABBEB1}
	EndGlobalSection
EndGlobal
